// !$*UTF8*$!
{
	archiveVersion = 1;
	classes = {
	};
	objectVersion = 56;
	objects = {

/* Begin PBXBuildFile section */
		AF71D3F42A3DBC75000F9AB7 /* ScrumdingerApp.swift in Sources */ = {isa = PBXBuildFile; fileRef = AF71D3F32A3DBC75000F9AB7 /* ScrumdingerApp.swift */; };
		AF71D3F62A3DBC75000F9AB7 /* MeetingView.swift in Sources */ = {isa = PBXBuildFile; fileRef = AF71D3F52A3DBC75000F9AB7 /* MeetingView.swift */; };
		AF71D3F82A3DBC76000F9AB7 /* Assets.xcassets in Resources */ = {isa = PBXBuildFile; fileRef = AF71D3F72A3DBC76000F9AB7 /* Assets.xcassets */; };
		AF71D3FB2A3DBC76000F9AB7 /* Preview Assets.xcassets in Resources */ = {isa = PBXBuildFile; fileRef = AF71D3FA2A3DBC76000F9AB7 /* Preview Assets.xcassets */; };
		AF71D4052A3DBC76000F9AB7 /* ScrumdingerTests.swift in Sources */ = {isa = PBXBuildFile; fileRef = AF71D4042A3DBC76000F9AB7 /* ScrumdingerTests.swift */; };
		AF71D40F2A3DBC76000F9AB7 /* ScrumdingerUITests.swift in Sources */ = {isa = PBXBuildFile; fileRef = AF71D40E2A3DBC76000F9AB7 /* ScrumdingerUITests.swift */; };
		AF71D4112A3DBC76000F9AB7 /* ScrumdingerUITestsLaunchTests.swift in Sources */ = {isa = PBXBuildFile; fileRef = AF71D4102A3DBC76000F9AB7 /* ScrumdingerUITestsLaunchTests.swift */; };
		AFAAB0842A403F91007C7CD9 /* Theme.swift in Sources */ = {isa = PBXBuildFile; fileRef = AFAAB0832A403F91007C7CD9 /* Theme.swift */; };
		AFAAB0862A40418A007C7CD9 /* DailyScrum.swift in Sources */ = {isa = PBXBuildFile; fileRef = AFAAB0852A40418A007C7CD9 /* DailyScrum.swift */; };
		AFAAB0882A404204007C7CD9 /* CardView.swift in Sources */ = {isa = PBXBuildFile; fileRef = AFAAB0872A404204007C7CD9 /* CardView.swift */; };
		AFAAB08A2A4046B6007C7CD9 /* TrailingIconLabelStyle.swift in Sources */ = {isa = PBXBuildFile; fileRef = AFAAB0892A4046B6007C7CD9 /* TrailingIconLabelStyle.swift */; };
		AFAAB08C2A415878007C7CD9 /* ScrumView.swift in Sources */ = {isa = PBXBuildFile; fileRef = AFAAB08B2A415878007C7CD9 /* ScrumView.swift */; };
		AFAAB08E2A4162E3007C7CD9 /* DetailView.swift in Sources */ = {isa = PBXBuildFile; fileRef = AFAAB08D2A4162E3007C7CD9 /* DetailView.swift */; };
		AFAAB0912A42D86B007C7CD9 /* DetailEditView.swift in Sources */ = {isa = PBXBuildFile; fileRef = AFAAB0902A42D86B007C7CD9 /* DetailEditView.swift */; };
/* End PBXBuildFile section */

/* Begin PBXContainerItemProxy section */
		AF71D4012A3DBC76000F9AB7 /* PBXContainerItemProxy */ = {
			isa = PBXContainerItemProxy;
			containerPortal = AF71D3E82A3DBC75000F9AB7 /* Project object */;
			proxyType = 1;
			remoteGlobalIDString = AF71D3EF2A3DBC75000F9AB7;
			remoteInfo = Scrumdinger;
		};
		AF71D40B2A3DBC76000F9AB7 /* PBXContainerItemProxy */ = {
			isa = PBXContainerItemProxy;
			containerPortal = AF71D3E82A3DBC75000F9AB7 /* Project object */;
			proxyType = 1;
			remoteGlobalIDString = AF71D3EF2A3DBC75000F9AB7;
			remoteInfo = Scrumdinger;
		};
/* End PBXContainerItemProxy section */

/* Begin PBXFileReference section */
		AF71D3F02A3DBC75000F9AB7 /* Scrumdinger.app */ = {isa = PBXFileReference; explicitFileType = wrapper.application; includeInIndex = 0; path = Scrumdinger.app; sourceTree = BUILT_PRODUCTS_DIR; };
		AF71D3F32A3DBC75000F9AB7 /* ScrumdingerApp.swift */ = {isa = PBXFileReference; lastKnownFileType = sourcecode.swift; path = ScrumdingerApp.swift; sourceTree = "<group>"; };
		AF71D3F52A3DBC75000F9AB7 /* MeetingView.swift */ = {isa = PBXFileReference; lastKnownFileType = sourcecode.swift; path = MeetingView.swift; sourceTree = "<group>"; };
		AF71D3F72A3DBC76000F9AB7 /* Assets.xcassets */ = {isa = PBXFileReference; lastKnownFileType = folder.assetcatalog; path = Assets.xcassets; sourceTree = "<group>"; };
		AF71D3FA2A3DBC76000F9AB7 /* Preview Assets.xcassets */ = {isa = PBXFileReference; lastKnownFileType = folder.assetcatalog; path = "Preview Assets.xcassets"; sourceTree = "<group>"; };
		AF71D4002A3DBC76000F9AB7 /* ScrumdingerTests.xctest */ = {isa = PBXFileReference; explicitFileType = wrapper.cfbundle; includeInIndex = 0; path = ScrumdingerTests.xctest; sourceTree = BUILT_PRODUCTS_DIR; };
		AF71D4042A3DBC76000F9AB7 /* ScrumdingerTests.swift */ = {isa = PBXFileReference; lastKnownFileType = sourcecode.swift; path = ScrumdingerTests.swift; sourceTree = "<group>"; };
		AF71D40A2A3DBC76000F9AB7 /* ScrumdingerUITests.xctest */ = {isa = PBXFileReference; explicitFileType = wrapper.cfbundle; includeInIndex = 0; path = ScrumdingerUITests.xctest; sourceTree = BUILT_PRODUCTS_DIR; };
		AF71D40E2A3DBC76000F9AB7 /* ScrumdingerUITests.swift */ = {isa = PBXFileReference; lastKnownFileType = sourcecode.swift; path = ScrumdingerUITests.swift; sourceTree = "<group>"; };
		AF71D4102A3DBC76000F9AB7 /* ScrumdingerUITestsLaunchTests.swift */ = {isa = PBXFileReference; lastKnownFileType = sourcecode.swift; path = ScrumdingerUITestsLaunchTests.swift; sourceTree = "<group>"; };
		AFAAB0832A403F91007C7CD9 /* Theme.swift */ = {isa = PBXFileReference; lastKnownFileType = sourcecode.swift; path = Theme.swift; sourceTree = "<group>"; };
		AFAAB0852A40418A007C7CD9 /* DailyScrum.swift */ = {isa = PBXFileReference; lastKnownFileType = sourcecode.swift; path = DailyScrum.swift; sourceTree = "<group>"; };
		AFAAB0872A404204007C7CD9 /* CardView.swift */ = {isa = PBXFileReference; lastKnownFileType = sourcecode.swift; path = CardView.swift; sourceTree = "<group>"; };
		AFAAB0892A4046B6007C7CD9 /* TrailingIconLabelStyle.swift */ = {isa = PBXFileReference; lastKnownFileType = sourcecode.swift; path = TrailingIconLabelStyle.swift; sourceTree = "<group>"; };
		AFAAB08B2A415878007C7CD9 /* ScrumView.swift */ = {isa = PBXFileReference; lastKnownFileType = sourcecode.swift; path = ScrumView.swift; sourceTree = "<group>"; };
		AFAAB08D2A4162E3007C7CD9 /* DetailView.swift */ = {isa = PBXFileReference; lastKnownFileType = sourcecode.swift; path = DetailView.swift; sourceTree = "<group>"; };
		AFAAB0902A42D86B007C7CD9 /* DetailEditView.swift */ = {isa = PBXFileReference; lastKnownFileType = sourcecode.swift; path = DetailEditView.swift; sourceTree = "<group>"; };
/* End PBXFileReference section */

/* Begin PBXFrameworksBuildPhase section */
		AF71D3ED2A3DBC75000F9AB7 /* Frameworks */ = {
			isa = PBXFrameworksBuildPhase;
			buildActionMask = 2147483647;
			files = (
			);
			runOnlyForDeploymentPostprocessing = 0;
		};
		AF71D3FD2A3DBC76000F9AB7 /* Frameworks */ = {
			isa = PBXFrameworksBuildPhase;
			buildActionMask = 2147483647;
			files = (
			);
			runOnlyForDeploymentPostprocessing = 0;
		};
		AF71D4072A3DBC76000F9AB7 /* Frameworks */ = {
			isa = PBXFrameworksBuildPhase;
			buildActionMask = 2147483647;
			files = (
			);
			runOnlyForDeploymentPostprocessing = 0;
		};
/* End PBXFrameworksBuildPhase section */

/* Begin PBXGroup section */
		AF71D3E72A3DBC75000F9AB7 = {
			isa = PBXGroup;
			children = (
				AF71D3F22A3DBC75000F9AB7 /* Scrumdinger */,
				AF71D4032A3DBC76000F9AB7 /* ScrumdingerTests */,
				AF71D40D2A3DBC76000F9AB7 /* ScrumdingerUITests */,
				AF71D3F12A3DBC75000F9AB7 /* Products */,
			);
			sourceTree = "<group>";
		};
		AF71D3F12A3DBC75000F9AB7 /* Products */ = {
			isa = PBXGroup;
			children = (
				AF71D3F02A3DBC75000F9AB7 /* Scrumdinger.app */,
				AF71D4002A3DBC76000F9AB7 /* ScrumdingerTests.xctest */,
				AF71D40A2A3DBC76000F9AB7 /* ScrumdingerUITests.xctest */,
			);
			name = Products;
			sourceTree = "<group>";
		};
		AF71D3F22A3DBC75000F9AB7 /* Scrumdinger */ = {
			isa = PBXGroup;
			children = (
				AF71D3F32A3DBC75000F9AB7 /* ScrumdingerApp.swift */,
				AF71D3F52A3DBC75000F9AB7 /* MeetingView.swift */,
				AFAAB0872A404204007C7CD9 /* CardView.swift */,
				AFAAB08B2A415878007C7CD9 /* ScrumView.swift */,
				AFAAB0902A42D86B007C7CD9 /* DetailEditView.swift */,
				AFAAB08D2A4162E3007C7CD9 /* DetailView.swift */,
				AFAAB0892A4046B6007C7CD9 /* TrailingIconLabelStyle.swift */,
				AFAAB0822A403F6C007C7CD9 /* Models */,
				AF71D3F72A3DBC76000F9AB7 /* Assets.xcassets */,
				AF71D3F92A3DBC76000F9AB7 /* Preview Content */,
			);
			path = Scrumdinger;
			sourceTree = "<group>";
		};
		AF71D3F92A3DBC76000F9AB7 /* Preview Content */ = {
			isa = PBXGroup;
			children = (
				AF71D3FA2A3DBC76000F9AB7 /* Preview Assets.xcassets */,
			);
			path = "Preview Content";
			sourceTree = "<group>";
		};
		AF71D4032A3DBC76000F9AB7 /* ScrumdingerTests */ = {
			isa = PBXGroup;
			children = (
				AF71D4042A3DBC76000F9AB7 /* ScrumdingerTests.swift */,
			);
			path = ScrumdingerTests;
			sourceTree = "<group>";
		};
		AF71D40D2A3DBC76000F9AB7 /* ScrumdingerUITests */ = {
			isa = PBXGroup;
			children = (
				AF71D40E2A3DBC76000F9AB7 /* ScrumdingerUITests.swift */,
				AF71D4102A3DBC76000F9AB7 /* ScrumdingerUITestsLaunchTests.swift */,
			);
			path = ScrumdingerUITests;
			sourceTree = "<group>";
		};
		AFAAB0822A403F6C007C7CD9 /* Models */ = {
			isa = PBXGroup;
			children = (
				AFAAB0832A403F91007C7CD9 /* Theme.swift */,
				AFAAB0852A40418A007C7CD9 /* DailyScrum.swift */,
			);
			path = Models;
			sourceTree = "<group>";
		};
/* End PBXGroup section */

/* Begin PBXNativeTarget section */
		AF71D3EF2A3DBC75000F9AB7 /* Scrumdinger */ = {
			isa = PBXNativeTarget;
			buildConfigurationList = AF71D4142A3DBC76000F9AB7 /* Build configuration list for PBXNativeTarget "Scrumdinger" */;
			buildPhases = (
				AF71D3EC2A3DBC75000F9AB7 /* Sources */,
				AF71D3ED2A3DBC75000F9AB7 /* Frameworks */,
				AF71D3EE2A3DBC75000F9AB7 /* Resources */,
			);
			buildRules = (
			);
			dependencies = (
			);
			name = Scrumdinger;
			productName = Scrumdinger;
			productReference = AF71D3F02A3DBC75000F9AB7 /* Scrumdinger.app */;
			productType = "com.apple.product-type.application";
		};
		AF71D3FF2A3DBC76000F9AB7 /* ScrumdingerTests */ = {
			isa = PBXNativeTarget;
			buildConfigurationList = AF71D4172A3DBC76000F9AB7 /* Build configuration list for PBXNativeTarget "ScrumdingerTests" */;
			buildPhases = (
				AF71D3FC2A3DBC76000F9AB7 /* Sources */,
				AF71D3FD2A3DBC76000F9AB7 /* Frameworks */,
				AF71D3FE2A3DBC76000F9AB7 /* Resources */,
			);
			buildRules = (
			);
			dependencies = (
				AF71D4022A3DBC76000F9AB7 /* PBXTargetDependency */,
			);
			name = ScrumdingerTests;
			productName = ScrumdingerTests;
			productReference = AF71D4002A3DBC76000F9AB7 /* ScrumdingerTests.xctest */;
			productType = "com.apple.product-type.bundle.unit-test";
		};
		AF71D4092A3DBC76000F9AB7 /* ScrumdingerUITests */ = {
			isa = PBXNativeTarget;
			buildConfigurationList = AF71D41A2A3DBC76000F9AB7 /* Build configuration list for PBXNativeTarget "ScrumdingerUITests" */;
			buildPhases = (
				AF71D4062A3DBC76000F9AB7 /* Sources */,
				AF71D4072A3DBC76000F9AB7 /* Frameworks */,
				AF71D4082A3DBC76000F9AB7 /* Resources */,
			);
			buildRules = (
			);
			dependencies = (
				AF71D40C2A3DBC76000F9AB7 /* PBXTargetDependency */,
			);
			name = ScrumdingerUITests;
			productName = ScrumdingerUITests;
			productReference = AF71D40A2A3DBC76000F9AB7 /* ScrumdingerUITests.xctest */;
			productType = "com.apple.product-type.bundle.ui-testing";
		};
/* End PBXNativeTarget section */

/* Begin PBXProject section */
		AF71D3E82A3DBC75000F9AB7 /* Project object */ = {
			isa = PBXProject;
			attributes = {
				BuildIndependentTargetsInParallel = 1;
				LastSwiftUpdateCheck = 1430;
				LastUpgradeCheck = 1430;
				TargetAttributes = {
					AF71D3EF2A3DBC75000F9AB7 = {
						CreatedOnToolsVersion = 14.3;
					};
					AF71D3FF2A3DBC76000F9AB7 = {
						CreatedOnToolsVersion = 14.3;
						TestTargetID = AF71D3EF2A3DBC75000F9AB7;
					};
					AF71D4092A3DBC76000F9AB7 = {
						CreatedOnToolsVersion = 14.3;
						TestTargetID = AF71D3EF2A3DBC75000F9AB7;
					};
				};
			};
			buildConfigurationList = AF71D3EB2A3DBC75000F9AB7 /* Build configuration list for PBXProject "Scrumdinger" */;
			compatibilityVersion = "Xcode 14.0";
			developmentRegion = en;
			hasScannedForEncodings = 0;
			knownRegions = (
				en,
				Base,
			);
			mainGroup = AF71D3E72A3DBC75000F9AB7;
			productRefGroup = AF71D3F12A3DBC75000F9AB7 /* Products */;
			projectDirPath = "";
			projectRoot = "";
			targets = (
				AF71D3EF2A3DBC75000F9AB7 /* Scrumdinger */,
				AF71D3FF2A3DBC76000F9AB7 /* ScrumdingerTests */,
				AF71D4092A3DBC76000F9AB7 /* ScrumdingerUITests */,
			);
		};
/* End PBXProject section */

/* Begin PBXResourcesBuildPhase section */
		AF71D3EE2A3DBC75000F9AB7 /* Resources */ = {
			isa = PBXResourcesBuildPhase;
			buildActionMask = 2147483647;
			files = (
				AF71D3FB2A3DBC76000F9AB7 /* Preview Assets.xcassets in Resources */,
				AF71D3F82A3DBC76000F9AB7 /* Assets.xcassets in Resources */,
			);
			runOnlyForDeploymentPostprocessing = 0;
		};
		AF71D3FE2A3DBC76000F9AB7 /* Resources */ = {
			isa = PBXResourcesBuildPhase;
			buildActionMask = 2147483647;
			files = (
			);
			runOnlyForDeploymentPostprocessing = 0;
		};
		AF71D4082A3DBC76000F9AB7 /* Resources */ = {
			isa = PBXResourcesBuildPhase;
			buildActionMask = 2147483647;
			files = (
			);
			runOnlyForDeploymentPostprocessing = 0;
		};
/* End PBXResourcesBuildPhase section */

/* Begin PBXSourcesBuildPhase section */
		AF71D3EC2A3DBC75000F9AB7 /* Sources */ = {
			isa = PBXSourcesBuildPhase;
			buildActionMask = 2147483647;
			files = (
				AFAAB0862A40418A007C7CD9 /* DailyScrum.swift in Sources */,
				AFAAB08E2A4162E3007C7CD9 /* DetailView.swift in Sources */,
				AFAAB0912A42D86B007C7CD9 /* DetailEditView.swift in Sources */,
				AFAAB08C2A415878007C7CD9 /* ScrumView.swift in Sources */,
				AFAAB08A2A4046B6007C7CD9 /* TrailingIconLabelStyle.swift in Sources */,
				AFAAB0842A403F91007C7CD9 /* Theme.swift in Sources */,
				AF71D3F62A3DBC75000F9AB7 /* MeetingView.swift in Sources */,
				AF71D3F42A3DBC75000F9AB7 /* ScrumdingerApp.swift in Sources */,
				AFAAB0882A404204007C7CD9 /* CardView.swift in Sources */,
			);
			runOnlyForDeploymentPostprocessing = 0;
		};
		AF71D3FC2A3DBC76000F9AB7 /* Sources */ = {
			isa = PBXSourcesBuildPhase;
			buildActionMask = 2147483647;
			files = (
				AF71D4052A3DBC76000F9AB7 /* ScrumdingerTests.swift in Sources */,
			);
			runOnlyForDeploymentPostprocessing = 0;
		};
		AF71D4062A3DBC76000F9AB7 /* Sources */ = {
			isa = PBXSourcesBuildPhase;
			buildActionMask = 2147483647;
			files = (
				AF71D4112A3DBC76000F9AB7 /* ScrumdingerUITestsLaunchTests.swift in Sources */,
				AF71D40F2A3DBC76000F9AB7 /* ScrumdingerUITests.swift in Sources */,
			);
			runOnlyForDeploymentPostprocessing = 0;
		};
/* End PBXSourcesBuildPhase section */

/* Begin PBXTargetDependency section */
		AF71D4022A3DBC76000F9AB7 /* PBXTargetDependency */ = {
			isa = PBXTargetDependency;
			target = AF71D3EF2A3DBC75000F9AB7 /* Scrumdinger */;
			targetProxy = AF71D4012A3DBC76000F9AB7 /* PBXContainerItemProxy */;
		};
		AF71D40C2A3DBC76000F9AB7 /* PBXTargetDependency */ = {
			isa = PBXTargetDependency;
			target = AF71D3EF2A3DBC75000F9AB7 /* Scrumdinger */;
			targetProxy = AF71D40B2A3DBC76000F9AB7 /* PBXContainerItemProxy */;
		};
/* End PBXTargetDependency section */

/* Begin XCBuildConfiguration section */
		AF71D4122A3DBC76000F9AB7 /* Debug */ = {
			isa = XCBuildConfiguration;
			buildSettings = {
				ALWAYS_SEARCH_USER_PATHS = NO;
				CLANG_ANALYZER_NONNULL = YES;
				CLANG_ANALYZER_NUMBER_OBJECT_CONVERSION = YES_AGGRESSIVE;
				CLANG_CXX_LANGUAGE_STANDARD = "gnu++20";
				CLANG_ENABLE_MODULES = YES;
				CLANG_ENABLE_OBJC_ARC = YES;
				CLANG_ENABLE_OBJC_WEAK = YES;
				CLANG_WARN_BLOCK_CAPTURE_AUTORELEASING = YES;
				CLANG_WARN_BOOL_CONVERSION = YES;
				CLANG_WARN_COMMA = YES;
				CLANG_WARN_CONSTANT_CONVERSION = YES;
				CLANG_WARN_DEPRECATED_OBJC_IMPLEMENTATIONS = YES;
				CLANG_WARN_DIRECT_OBJC_ISA_USAGE = YES_ERROR;
				CLANG_WARN_DOCUMENTATION_COMMENTS = YES;
				CLANG_WARN_EMPTY_BODY = YES;
				CLANG_WARN_ENUM_CONVERSION = YES;
				CLANG_WARN_INFINITE_RECURSION = YES;
				CLANG_WARN_INT_CONVERSION = YES;
				CLANG_WARN_NON_LITERAL_NULL_CONVERSION = YES;
				CLANG_WARN_OBJC_IMPLICIT_RETAIN_SELF = YES;
				CLANG_WARN_OBJC_LITERAL_CONVERSION = YES;
				CLANG_WARN_OBJC_ROOT_CLASS = YES_ERROR;
				CLANG_WARN_QUOTED_INCLUDE_IN_FRAMEWORK_HEADER = YES;
				CLANG_WARN_RANGE_LOOP_ANALYSIS = YES;
				CLANG_WARN_STRICT_PROTOTYPES = YES;
				CLANG_WARN_SUSPICIOUS_MOVE = YES;
				CLANG_WARN_UNGUARDED_AVAILABILITY = YES_AGGRESSIVE;
				CLANG_WARN_UNREACHABLE_CODE = YES;
				CLANG_WARN__DUPLICATE_METHOD_MATCH = YES;
				COPY_PHASE_STRIP = NO;
				DEBUG_INFORMATION_FORMAT = dwarf;
				ENABLE_STRICT_OBJC_MSGSEND = YES;
				ENABLE_TESTABILITY = YES;
				GCC_C_LANGUAGE_STANDARD = gnu11;
				GCC_DYNAMIC_NO_PIC = NO;
				GCC_NO_COMMON_BLOCKS = YES;
				GCC_OPTIMIZATION_LEVEL = 0;
				GCC_PREPROCESSOR_DEFINITIONS = (
					"DEBUG=1",
					"$(inherited)",
				);
				GCC_WARN_64_TO_32_BIT_CONVERSION = YES;
				GCC_WARN_ABOUT_RETURN_TYPE = YES_ERROR;
				GCC_WARN_UNDECLARED_SELECTOR = YES;
				GCC_WARN_UNINITIALIZED_AUTOS = YES_AGGRESSIVE;
				GCC_WARN_UNUSED_FUNCTION = YES;
				GCC_WARN_UNUSED_VARIABLE = YES;
				IPHONEOS_DEPLOYMENT_TARGET = 16.4;
				MTL_ENABLE_DEBUG_INFO = INCLUDE_SOURCE;
				MTL_FAST_MATH = YES;
				ONLY_ACTIVE_ARCH = YES;
				SDKROOT = iphoneos;
				SWIFT_ACTIVE_COMPILATION_CONDITIONS = DEBUG;
				SWIFT_OPTIMIZATION_LEVEL = "-Onone";
			};
			name = Debug;
		};
		AF71D4132A3DBC76000F9AB7 /* Release */ = {
			isa = XCBuildConfiguration;
			buildSettings = {
				ALWAYS_SEARCH_USER_PATHS = NO;
				CLANG_ANALYZER_NONNULL = YES;
				CLANG_ANALYZER_NUMBER_OBJECT_CONVERSION = YES_AGGRESSIVE;
				CLANG_CXX_LANGUAGE_STANDARD = "gnu++20";
				CLANG_ENABLE_MODULES = YES;
				CLANG_ENABLE_OBJC_ARC = YES;
				CLANG_ENABLE_OBJC_WEAK = YES;
				CLANG_WARN_BLOCK_CAPTURE_AUTORELEASING = YES;
				CLANG_WARN_BOOL_CONVERSION = YES;
				CLANG_WARN_COMMA = YES;
				CLANG_WARN_CONSTANT_CONVERSION = YES;
				CLANG_WARN_DEPRECATED_OBJC_IMPLEMENTATIONS = YES;
				CLANG_WARN_DIRECT_OBJC_ISA_USAGE = YES_ERROR;
				CLANG_WARN_DOCUMENTATION_COMMENTS = YES;
				CLANG_WARN_EMPTY_BODY = YES;
				CLANG_WARN_ENUM_CONVERSION = YES;
				CLANG_WARN_INFINITE_RECURSION = YES;
				CLANG_WARN_INT_CONVERSION = YES;
				CLANG_WARN_NON_LITERAL_NULL_CONVERSION = YES;
				CLANG_WARN_OBJC_IMPLICIT_RETAIN_SELF = YES;
				CLANG_WARN_OBJC_LITERAL_CONVERSION = YES;
				CLANG_WARN_OBJC_ROOT_CLASS = YES_ERROR;
				CLANG_WARN_QUOTED_INCLUDE_IN_FRAMEWORK_HEADER = YES;
				CLANG_WARN_RANGE_LOOP_ANALYSIS = YES;
				CLANG_WARN_STRICT_PROTOTYPES = YES;
				CLANG_WARN_SUSPICIOUS_MOVE = YES;
				CLANG_WARN_UNGUARDED_AVAILABILITY = YES_AGGRESSIVE;
				CLANG_WARN_UNREACHABLE_CODE = YES;
				CLANG_WARN__DUPLICATE_METHOD_MATCH = YES;
				COPY_PHASE_STRIP = NO;
				DEBUG_INFORMATION_FORMAT = "dwarf-with-dsym";
				ENABLE_NS_ASSERTIONS = NO;
				ENABLE_STRICT_OBJC_MSGSEND = YES;
				GCC_C_LANGUAGE_STANDARD = gnu11;
				GCC_NO_COMMON_BLOCKS = YES;
				GCC_WARN_64_TO_32_BIT_CONVERSION = YES;
				GCC_WARN_ABOUT_RETURN_TYPE = YES_ERROR;
				GCC_WARN_UNDECLARED_SELECTOR = YES;
				GCC_WARN_UNINITIALIZED_AUTOS = YES_AGGRESSIVE;
				GCC_WARN_UNUSED_FUNCTION = YES;
				GCC_WARN_UNUSED_VARIABLE = YES;
				IPHONEOS_DEPLOYMENT_TARGET = 16.4;
				MTL_ENABLE_DEBUG_INFO = NO;
				MTL_FAST_MATH = YES;
				SDKROOT = iphoneos;
				SWIFT_COMPILATION_MODE = wholemodule;
				SWIFT_OPTIMIZATION_LEVEL = "-O";
				VALIDATE_PRODUCT = YES;
			};
			name = Release;
		};
		AF71D4152A3DBC76000F9AB7 /* Debug */ = {
			isa = XCBuildConfiguration;
			buildSettings = {
				ASSETCATALOG_COMPILER_APPICON_NAME = AppIcon;
				ASSETCATALOG_COMPILER_GLOBAL_ACCENT_COLOR_NAME = AccentColor;
				CODE_SIGN_STYLE = Automatic;
				CURRENT_PROJECT_VERSION = 1;
				DEVELOPMENT_ASSET_PATHS = "\"Scrumdinger/Preview Content\"";
				ENABLE_PREVIEWS = YES;
				GENERATE_INFOPLIST_FILE = YES;
				INFOPLIST_KEY_UIApplicationSceneManifest_Generation = YES;
				INFOPLIST_KEY_UIApplicationSupportsIndirectInputEvents = YES;
				INFOPLIST_KEY_UILaunchScreen_Generation = YES;
				INFOPLIST_KEY_UISupportedInterfaceOrientations_iPad = "UIInterfaceOrientationPortrait UIInterfaceOrientationPortraitUpsideDown UIInterfaceOrientationLandscapeLeft UIInterfaceOrientationLandscapeRight";
				INFOPLIST_KEY_UISupportedInterfaceOrientations_iPhone = "UIInterfaceOrientationPortrait UIInterfaceOrientationLandscapeLeft UIInterfaceOrientationLandscapeRight";
				LD_RUNPATH_SEARCH_PATHS = (
					"$(inherited)",
					"@executable_path/Frameworks",
				);
				MARKETING_VERSION = 1.0;
				PRODUCT_BUNDLE_IDENTIFIER = kulakdev.Scrumdinger;
				PRODUCT_NAME = "$(TARGET_NAME)";
				SWIFT_EMIT_LOC_STRINGS = YES;
				SWIFT_VERSION = 5.0;
				TARGETED_DEVICE_FAMILY = "1,2";
			};
			name = Debug;
		};
		AF71D4162A3DBC76000F9AB7 /* Release */ = {
			isa = XCBuildConfiguration;
			buildSettings = {
				ASSETCATALOG_COMPILER_APPICON_NAME = AppIcon;
				ASSETCATALOG_COMPILER_GLOBAL_ACCENT_COLOR_NAME = AccentColor;
				CODE_SIGN_STYLE = Automatic;
				CURRENT_PROJECT_VERSION = 1;
				DEVELOPMENT_ASSET_PATHS = "\"Scrumdinger/Preview Content\"";
				ENABLE_PREVIEWS = YES;
				GENERATE_INFOPLIST_FILE = YES;
				INFOPLIST_KEY_UIApplicationSceneManifest_Generation = YES;
				INFOPLIST_KEY_UIApplicationSupportsIndirectInputEvents = YES;
				INFOPLIST_KEY_UILaunchScreen_Generation = YES;
				INFOPLIST_KEY_UISupportedInterfaceOrientations_iPad = "UIInterfaceOrientationPortrait UIInterfaceOrientationPortraitUpsideDown UIInterfaceOrientationLandscapeLeft UIInterfaceOrientationLandscapeRight";
				INFOPLIST_KEY_UISupportedInterfaceOrientations_iPhone = "UIInterfaceOrientationPortrait UIInterfaceOrientationLandscapeLeft UIInterfaceOrientationLandscapeRight";
				LD_RUNPATH_SEARCH_PATHS = (
					"$(inherited)",
					"@executable_path/Frameworks",
				);
				MARKETING_VERSION = 1.0;
				PRODUCT_BUNDLE_IDENTIFIER = kulakdev.Scrumdinger;
				PRODUCT_NAME = "$(TARGET_NAME)";
				SWIFT_EMIT_LOC_STRINGS = YES;
				SWIFT_VERSION = 5.0;
				TARGETED_DEVICE_FAMILY = "1,2";
			};
			name = Release;
		};
		AF71D4182A3DBC76000F9AB7 /* Debug */ = {
			isa = XCBuildConfiguration;
			buildSettings = {
				ALWAYS_EMBED_SWIFT_STANDARD_LIBRARIES = YES;
				BUNDLE_LOADER = "$(TEST_HOST)";
				CODE_SIGN_STYLE = Automatic;
				CURRENT_PROJECT_VERSION = 1;
				GENERATE_INFOPLIST_FILE = YES;
				IPHONEOS_DEPLOYMENT_TARGET = 16.4;
				MARKETING_VERSION = 1.0;
				PRODUCT_BUNDLE_IDENTIFIER = kulakdev.ScrumdingerTests;
				PRODUCT_NAME = "$(TARGET_NAME)";
				SWIFT_EMIT_LOC_STRINGS = NO;
				SWIFT_VERSION = 5.0;
				TARGETED_DEVICE_FAMILY = "1,2";
				TEST_HOST = "$(BUILT_PRODUCTS_DIR)/Scrumdinger.app/$(BUNDLE_EXECUTABLE_FOLDER_PATH)/Scrumdinger";
			};
			name = Debug;
		};
		AF71D4192A3DBC76000F9AB7 /* Release */ = {
			isa = XCBuildConfiguration;
			buildSettings = {
				ALWAYS_EMBED_SWIFT_STANDARD_LIBRARIES = YES;
				BUNDLE_LOADER = "$(TEST_HOST)";
				CODE_SIGN_STYLE = Automatic;
				CURRENT_PROJECT_VERSION = 1;
				GENERATE_INFOPLIST_FILE = YES;
				IPHONEOS_DEPLOYMENT_TARGET = 16.4;
				MARKETING_VERSION = 1.0;
				PRODUCT_BUNDLE_IDENTIFIER = kulakdev.ScrumdingerTests;
				PRODUCT_NAME = "$(TARGET_NAME)";
				SWIFT_EMIT_LOC_STRINGS = NO;
				SWIFT_VERSION = 5.0;
				TARGETED_DEVICE_FAMILY = "1,2";
				TEST_HOST = "$(BUILT_PRODUCTS_DIR)/Scrumdinger.app/$(BUNDLE_EXECUTABLE_FOLDER_PATH)/Scrumdinger";
			};
			name = Release;
		};
		AF71D41B2A3DBC76000F9AB7 /* Debug */ = {
			isa = XCBuildConfiguration;
			buildSettings = {
				ALWAYS_EMBED_SWIFT_STANDARD_LIBRARIES = YES;
				CODE_SIGN_STYLE = Automatic;
				CURRENT_PROJECT_VERSION = 1;
				GENERATE_INFOPLIST_FILE = YES;
				MARKETING_VERSION = 1.0;
				PRODUCT_BUNDLE_IDENTIFIER = kulakdev.ScrumdingerUITests;
				PRODUCT_NAME = "$(TARGET_NAME)";
				SWIFT_EMIT_LOC_STRINGS = NO;
				SWIFT_VERSION = 5.0;
				TARGETED_DEVICE_FAMILY = "1,2";
				TEST_TARGET_NAME = Scrumdinger;
			};
			name = Debug;
		};
		AF71D41C2A3DBC76000F9AB7 /* Release */ = {
			isa = XCBuildConfiguration;
			buildSettings = {
				ALWAYS_EMBED_SWIFT_STANDARD_LIBRARIES = YES;
				CODE_SIGN_STYLE = Automatic;
				CURRENT_PROJECT_VERSION = 1;
				GENERATE_INFOPLIST_FILE = YES;
				MARKETING_VERSION = 1.0;
				PRODUCT_BUNDLE_IDENTIFIER = kulakdev.ScrumdingerUITests;
				PRODUCT_NAME = "$(TARGET_NAME)";
				SWIFT_EMIT_LOC_STRINGS = NO;
				SWIFT_VERSION = 5.0;
				TARGETED_DEVICE_FAMILY = "1,2";
				TEST_TARGET_NAME = Scrumdinger;
			};
			name = Release;
		};
/* End XCBuildConfiguration section */

/* Begin XCConfigurationList section */
		AF71D3EB2A3DBC75000F9AB7 /* Build configuration list for PBXProject "Scrumdinger" */ = {
			isa = XCConfigurationList;
			buildConfigurations = (
				AF71D4122A3DBC76000F9AB7 /* Debug */,
				AF71D4132A3DBC76000F9AB7 /* Release */,
			);
			defaultConfigurationIsVisible = 0;
			defaultConfigurationName = Release;
		};
		AF71D4142A3DBC76000F9AB7 /* Build configuration list for PBXNativeTarget "Scrumdinger" */ = {
			isa = XCConfigurationList;
			buildConfigurations = (
				AF71D4152A3DBC76000F9AB7 /* Debug */,
				AF71D4162A3DBC76000F9AB7 /* Release */,
			);
			defaultConfigurationIsVisible = 0;
			defaultConfigurationName = Release;
		};
		AF71D4172A3DBC76000F9AB7 /* Build configuration list for PBXNativeTarget "ScrumdingerTests" */ = {
			isa = XCConfigurationList;
			buildConfigurations = (
				AF71D4182A3DBC76000F9AB7 /* Debug */,
				AF71D4192A3DBC76000F9AB7 /* Release */,
			);
			defaultConfigurationIsVisible = 0;
			defaultConfigurationName = Release;
		};
		AF71D41A2A3DBC76000F9AB7 /* Build configuration list for PBXNativeTarget "ScrumdingerUITests" */ = {
			isa = XCConfigurationList;
			buildConfigurations = (
				AF71D41B2A3DBC76000F9AB7 /* Debug */,
				AF71D41C2A3DBC76000F9AB7 /* Release */,
			);
			defaultConfigurationIsVisible = 0;
			defaultConfigurationName = Release;
		};
/* End XCConfigurationList section */
	};
	rootObject = AF71D3E82A3DBC75000F9AB7 /* Project object */;
}
